
Microsoft Visual Studio Solution File, Format Version 12.00
# Visual Studio Version 17
VisualStudioVersion = 17.13.35931.197 d17.13
MinimumVisualStudioVersion = 10.0.40219.1
Project("{FAE04EC0-301F-11D3-BF4B-00C04F79EFBC}") = "EvaluaciónGitHub", "EvaluaciónGitHub\EvaluaciónGitHub.csproj", "{F598D069-391F-42EF-80AA-6217AF2B1291}"
EndProject
Global
	GlobalSection(SolutionConfigurationPlatforms) = preSolution
		Debug|Any CPU = Debug|Any CPU
		Release|Any CPU = Release|Any CPU
	EndGlobalSection
	GlobalSection(ProjectConfigurationPlatforms) = postSolution
		{F598D069-391F-42EF-80AA-6217AF2B1291}.Debug|Any CPU.ActiveCfg = Debug|Any CPU
		{F598D069-391F-42EF-80AA-6217AF2B1291}.Debug|Any CPU.Build.0 = Debug|Any CPU
		{F598D069-391F-42EF-80AA-6217AF2B1291}.Release|Any CPU.ActiveCfg = Release|Any CPU
		{F598D069-391F-42EF-80AA-6217AF2B1291}.Release|Any CPU.Build.0 = Release|Any CPU
	EndGlobalSection
	GlobalSection(SolutionProperties) = preSolution
		HideSolutionNode = FALSE
	EndGlobalSection
	GlobalSection(ExtensibilityGlobals) = postSolution
		SolutionGuid = {01B0A9AB-E888-42D6-BB7E-AD4949263B14}
	EndGlobalSection
EndGlobal
